{
  "name": "RxMo",
  "lockfileVersion": 3,
  "requires": true,
  "packages": {
    "": {
      "dependencies": {
        "mops": "^3.0.2"
      }
    },
    "node_modules/mops": {
      "version": "3.0.2",
      "resolved": "https://registry.npmjs.org/mops/-/mops-3.0.2.tgz",
      "integrity": "sha512-Dnrp1pjGzpFJ0AagQtqE/yP9GPddgRKtO/w8GVINvbcwLDhG86T3f1DruKjNJhe41+11av+ukA5F+xS/qyYsvA==",
      "engines": {
        "node": ">=4.0.0",
        "npm": ">=3.0.0"
      }
    }
  }
}
